PODS:
  - CommonCryptoModule (1.0.2)
  - Curve25519 (1.1)
  - SwiftProtobuf (1.5.0)

DEPENDENCIES:
  - CommonCryptoModule (~> 1.0.2)
  - Curve25519
  - SwiftProtobuf

SPEC REPOS:
  https://github.com/cocoapods/specs.git:
    - CommonCryptoModule
    - Curve25519
    - SwiftProtobuf

SPEC CHECKSUMS:
  CommonCryptoModule: 63a68b57abed79655b3a01011419bf037a05b0a0
  Curve25519: 5f595e906bd962248665978e2992a1fe96e2d831
  SwiftProtobuf: 241400280f912735c1e1b9fe675fdd2c6c4d42e2

PODFILE CHECKSUM: b5550621b144cb6064196a28676c938b681e2db2

COCOAPODS: 1.5.2
