PODS:
  - CommonCryptoModule (1.0.2)
  - SwiftProtobuf (1.0.1)

DEPENDENCIES:
  - CommonCryptoModule (~> 1.0.2)
  - SwiftProtobuf

SPEC CHECKSUMS:
  CommonCryptoModule: 63a68b57abed79655b3a01011419bf037a05b0a0
  SwiftProtobuf: 78b2f4f3b282cad8cedf855358ec5c1921aaf633

PODFILE CHECKSUM: 8e2ac728e25af274d030eea2b70261ffe802e152

COCOAPODS: 1.4.0
